
Microsoft Visual Studio Solution File, Format Version 12.00
# Visual Studio Version 17
VisualStudioVersion = 17.6.33815.320
MinimumVisualStudioVersion = 10.0.40219.1
Project("{888888A0-9F3D-457C-B088-3A5042F75D52}") = "Robot", "Robot\Robot.pyproj", "{16A8CE6E-71E3-4786-AA5D-03D5BD198F03}"
EndProject
Global
	GlobalSection(SolutionConfigurationPlatforms) = preSolution
		Debug|Any CPU = Debug|Any CPU
		Release|Any CPU = Release|Any CPU
	EndGlobalSection
	GlobalSection(ProjectConfigurationPlatforms) = postSolution
		{16A8CE6E-71E3-4786-AA5D-03D5BD198F03}.Debug|Any CPU.ActiveCfg = Debug|Any CPU
		{16A8CE6E-71E3-4786-AA5D-03D5BD198F03}.Release|Any CPU.ActiveCfg = Release|Any CPU
	EndGlobalSection
	GlobalSection(SolutionProperties) = preSolution
		HideSolutionNode = FALSE
	EndGlobalSection
	GlobalSection(ExtensibilityGlobals) = postSolution
		SolutionGuid = {CDCB56B7-01FD-429C-972B-7BAA6DA30EFC}
	EndGlobalSection
EndGlobal
